// !$*UTF8*$!
{
	archiveVersion = 1;
	classes = {
	};
	objectVersion = 46;
	objects = {

/* Begin PBXBuildFile section */
		970CD674E001424BA7CE26C1 /* libPods.a in Frameworks */ = {isa = PBXBuildFile; fileRef = 5C1DBB50177945F689F9346F /* libPods.a */; };
		A63543E916FD69B500C50ED0 /* page.html in Resources */ = {isa = PBXBuildFile; fileRef = A63543E816FD69B500C50ED0 /* page.html */; };
		A63543EB16FD6B5500C50ED0 /* zepto.min.js in Resources */ = {isa = PBXBuildFile; fileRef = A63543EA16FD6B5500C50ED0 /* zepto.min.js */; };
		A6496582171A2F6100D95608 /* GYZPageEditViewController.m in Sources */ = {isa = PBXBuildFile; fileRef = A6496580171A2F6100D95608 /* GYZPageEditViewController.m */; };
		A6496583171A2F6100D95608 /* GYZPageEditViewController.xib in Resources */ = {isa = PBXBuildFile; fileRef = A6496581171A2F6100D95608 /* GYZPageEditViewController.xib */; };
		A6699BDB171BB5CE0013B8CE /* tabbg_dark@2x.png in Resources */ = {isa = PBXBuildFile; fileRef = A6699BD9171BB5CE0013B8CE /* tabbg_dark@2x.png */; };
		A6699BDC171BB5CE0013B8CE /* tabbg_light@2x.png in Resources */ = {isa = PBXBuildFile; fileRef = A6699BDA171BB5CE0013B8CE /* tabbg_light@2x.png */; };
		A6699BDE171BB75B0013B8CE /* navbg@2x.png in Resources */ = {isa = PBXBuildFile; fileRef = A6699BDD171BB75B0013B8CE /* navbg@2x.png */; };
		A6699BE1171BB7D10013B8CE /* GYZNavigationController.m in Sources */ = {isa = PBXBuildFile; fileRef = A6699BE0171BB7D10013B8CE /* GYZNavigationController.m */; };
		A6699BE3171BB93F0013B8CE /* sectionbg@2x.png in Resources */ = {isa = PBXBuildFile; fileRef = A6699BE2171BB93F0013B8CE /* sectionbg@2x.png */; };
		A6699BE5171BBD4E0013B8CE /* tabselectionbg@2x.png in Resources */ = {isa = PBXBuildFile; fileRef = A6699BE4171BBD4E0013B8CE /* tabselectionbg@2x.png */; };
		A6699BEA171BBFC30013B8CE /* checkicon_selected@2x.png in Resources */ = {isa = PBXBuildFile; fileRef = A6699BE6171BBFC30013B8CE /* checkicon_selected@2x.png */; };
		A6699BEB171BBFC30013B8CE /* checkicon@2x.png in Resources */ = {isa = PBXBuildFile; fileRef = A6699BE7171BBFC30013B8CE /* checkicon@2x.png */; };
		A6699BEC171BBFC30013B8CE /* listicon_selected@2x.png in Resources */ = {isa = PBXBuildFile; fileRef = A6699BE8171BBFC30013B8CE /* listicon_selected@2x.png */; };
		A6699BED171BBFC30013B8CE /* listicon@2x.png in Resources */ = {isa = PBXBuildFile; fileRef = A6699BE9171BBFC30013B8CE /* listicon@2x.png */; };
		A6699BF0171BC1A20013B8CE /* GYZSectionHeaderView.m in Sources */ = {isa = PBXBuildFile; fileRef = A6699BEF171BC1A20013B8CE /* GYZSectionHeaderView.m */; };
		A6699BF3171BEC2F0013B8CE /* titlebg_selected@2x.png in Resources */ = {isa = PBXBuildFile; fileRef = A6699BF1171BEC2F0013B8CE /* titlebg_selected@2x.png */; };
		A6699BF4171BEC2F0013B8CE /* titlebg@2x.png in Resources */ = {isa = PBXBuildFile; fileRef = A6699BF2171BEC2F0013B8CE /* titlebg@2x.png */; };
		A6699BF6171BEEAE0013B8CE /* backicon@2x.png in Resources */ = {isa = PBXBuildFile; fileRef = A6699BF5171BEEAE0013B8CE /* backicon@2x.png */; };
		A6699BF9171BF2770013B8CE /* GYZNavigationStackViewController.m in Sources */ = {isa = PBXBuildFile; fileRef = A6699BF8171BF2770013B8CE /* GYZNavigationStackViewController.m */; };
		A6699BFC171BF3590013B8CE /* GYZNavigationTitleView.m in Sources */ = {isa = PBXBuildFile; fileRef = A6699BFB171BF3590013B8CE /* GYZNavigationTitleView.m */; };
		A6699C00171BF9450013B8CE /* addicon@2x.png in Resources */ = {isa = PBXBuildFile; fileRef = A6699BFE171BF9450013B8CE /* addicon@2x.png */; };
		A6699C02171BFBBC0013B8CE /* addicon_selected@2x.png in Resources */ = {isa = PBXBuildFile; fileRef = A6699C01171BFBBC0013B8CE /* addicon_selected@2x.png */; };
		A6699C04171C02AC0013B8CE /* PageStoryboard.storyboard in Resources */ = {isa = PBXBuildFile; fileRef = A6699C03171C02AC0013B8CE /* PageStoryboard.storyboard */; };
		A6699C0D171C4EEC0013B8CE /* GYZLicenseViewController.m in Sources */ = {isa = PBXBuildFile; fileRef = A6699C0C171C4EEC0013B8CE /* GYZLicenseViewController.m */; };
		A6699C0F171C4FF70013B8CE /* licence.html in Resources */ = {isa = PBXBuildFile; fileRef = A6699C0E171C4FF70013B8CE /* licence.html */; };
		A68F3FA716F0A597007690E9 /* UIKit.framework in Frameworks */ = {isa = PBXBuildFile; fileRef = A68F3FA616F0A597007690E9 /* UIKit.framework */; };
		A68F3FA916F0A597007690E9 /* Foundation.framework in Frameworks */ = {isa = PBXBuildFile; fileRef = A68F3FA816F0A597007690E9 /* Foundation.framework */; };
		A68F3FAB16F0A597007690E9 /* CoreGraphics.framework in Frameworks */ = {isa = PBXBuildFile; fileRef = A68F3FAA16F0A597007690E9 /* CoreGraphics.framework */; };
		A68F3FB116F0A597007690E9 /* InfoPlist.strings in Resources */ = {isa = PBXBuildFile; fileRef = A68F3FAF16F0A597007690E9 /* InfoPlist.strings */; };
		A68F3FB316F0A597007690E9 /* main.m in Sources */ = {isa = PBXBuildFile; fileRef = A68F3FB216F0A597007690E9 /* main.m */; };
		A68F3FB716F0A597007690E9 /* GYZAppDelegate.m in Sources */ = {isa = PBXBuildFile; fileRef = A68F3FB616F0A597007690E9 /* GYZAppDelegate.m */; };
		A68F3FB916F0A597007690E9 /* Default.png in Resources */ = {isa = PBXBuildFile; fileRef = A68F3FB816F0A597007690E9 /* Default.png */; };
		A68F3FBB16F0A597007690E9 /* Default@2x.png in Resources */ = {isa = PBXBuildFile; fileRef = A68F3FBA16F0A597007690E9 /* Default@2x.png */; };
		A68F3FBD16F0A597007690E9 /* Default-568h@2x.png in Resources */ = {isa = PBXBuildFile; fileRef = A68F3FBC16F0A597007690E9 /* Default-568h@2x.png */; };
		A68F3FC016F0A597007690E9 /* MainStoryboard.storyboard in Resources */ = {isa = PBXBuildFile; fileRef = A68F3FBE16F0A597007690E9 /* MainStoryboard.storyboard */; };
		A68F3FD716F0A608007690E9 /* GYZListViewController.m in Sources */ = {isa = PBXBuildFile; fileRef = A68F3FD616F0A608007690E9 /* GYZListViewController.m */; };
		A68F3FDA16F0A625007690E9 /* GYZWatchListViewController.m in Sources */ = {isa = PBXBuildFile; fileRef = A68F3FD916F0A625007690E9 /* GYZWatchListViewController.m */; };
		A68F3FDD16F0A815007690E9 /* GYZGyazzListViewController.m in Sources */ = {isa = PBXBuildFile; fileRef = A68F3FDC16F0A815007690E9 /* GYZGyazzListViewController.m */; };
		A68F3FE116F0A85D007690E9 /* GYZGyazzAddViewController.m in Sources */ = {isa = PBXBuildFile; fileRef = A68F3FE016F0A85D007690E9 /* GYZGyazzAddViewController.m */; };
		A68F3FE716F0A9CB007690E9 /* GYZTabBarController.m in Sources */ = {isa = PBXBuildFile; fileRef = A68F3FE616F0A9CB007690E9 /* GYZTabBarController.m */; };
		A68F3FEB16F0AA25007690E9 /* GYZGyazz.m in Sources */ = {isa = PBXBuildFile; fileRef = A68F3FEA16F0AA25007690E9 /* GYZGyazz.m */; };
		A68F3FEF16F0B07B007690E9 /* GYZPage.m in Sources */ = {isa = PBXBuildFile; fileRef = A68F3FEE16F0B07B007690E9 /* GYZPage.m */; };
		A68F3FF316F0B55C007690E9 /* GYZPageViewController.m in Sources */ = {isa = PBXBuildFile; fileRef = A68F3FF116F0B55C007690E9 /* GYZPageViewController.m */; };
		A68F3FF716F0B77E007690E9 /* GYZUserData.m in Sources */ = {isa = PBXBuildFile; fileRef = A68F3FF616F0B77E007690E9 /* GYZUserData.m */; };
		A68F3FFA16F0CA86007690E9 /* GYZTableViewController.m in Sources */ = {isa = PBXBuildFile; fileRef = A68F3FF916F0CA86007690E9 /* GYZTableViewController.m */; };
		A68F3FFF16F0CC4A007690E9 /* GYZTextFieldCell.m in Sources */ = {isa = PBXBuildFile; fileRef = A68F3FFE16F0CC4A007690E9 /* GYZTextFieldCell.m */; };
		A68F400616F0DE9D007690E9 /* sonamonohanai.jpg in Resources */ = {isa = PBXBuildFile; fileRef = A68F400516F0DE9D007690E9 /* sonamonohanai.jpg */; };
		A68F400916F0E074007690E9 /* NSMutableArray+ReArrage.m in Sources */ = {isa = PBXBuildFile; fileRef = A68F400816F0E073007690E9 /* NSMutableArray+ReArrage.m */; };
/* End PBXBuildFile section */

/* Begin PBXFileReference section */
		368692A77B7F4E3E9A69222B /* Pods.xcconfig */ = {isa = PBXFileReference; includeInIndex = 1; lastKnownFileType = text.xcconfig; name = Pods.xcconfig; path = Pods/Pods.xcconfig; sourceTree = SOURCE_ROOT; };
		5C1DBB50177945F689F9346F /* libPods.a */ = {isa = PBXFileReference; explicitFileType = archive.ar; includeInIndex = 0; path = libPods.a; sourceTree = BUILT_PRODUCTS_DIR; };
		A63543E816FD69B500C50ED0 /* page.html */ = {isa = PBXFileReference; fileEncoding = 4; lastKnownFileType = text.html; path = page.html; sourceTree = "<group>"; };
		A63543EA16FD6B5500C50ED0 /* zepto.min.js */ = {isa = PBXFileReference; fileEncoding = 4; lastKnownFileType = sourcecode.javascript; path = zepto.min.js; sourceTree = "<group>"; };
		A649657F171A2F6100D95608 /* GYZPageEditViewController.h */ = {isa = PBXFileReference; fileEncoding = 4; lastKnownFileType = sourcecode.c.h; path = GYZPageEditViewController.h; sourceTree = "<group>"; };
		A6496580171A2F6100D95608 /* GYZPageEditViewController.m */ = {isa = PBXFileReference; fileEncoding = 4; lastKnownFileType = sourcecode.c.objc; path = GYZPageEditViewController.m; sourceTree = "<group>"; };
		A6496581171A2F6100D95608 /* GYZPageEditViewController.xib */ = {isa = PBXFileReference; fileEncoding = 4; lastKnownFileType = file.xib; path = GYZPageEditViewController.xib; sourceTree = "<group>"; };
		A6699BD9171BB5CE0013B8CE /* tabbg_dark@2x.png */ = {isa = PBXFileReference; lastKnownFileType = image.png; path = "tabbg_dark@2x.png"; sourceTree = "<group>"; };
		A6699BDA171BB5CE0013B8CE /* tabbg_light@2x.png */ = {isa = PBXFileReference; lastKnownFileType = image.png; path = "tabbg_light@2x.png"; sourceTree = "<group>"; };
		A6699BDD171BB75B0013B8CE /* navbg@2x.png */ = {isa = PBXFileReference; lastKnownFileType = image.png; path = "navbg@2x.png"; sourceTree = "<group>"; };
		A6699BDF171BB7D10013B8CE /* GYZNavigationController.h */ = {isa = PBXFileReference; fileEncoding = 4; lastKnownFileType = sourcecode.c.h; path = GYZNavigationController.h; sourceTree = "<group>"; };
		A6699BE0171BB7D10013B8CE /* GYZNavigationController.m */ = {isa = PBXFileReference; fileEncoding = 4; lastKnownFileType = sourcecode.c.objc; path = GYZNavigationController.m; sourceTree = "<group>"; };
		A6699BE2171BB93F0013B8CE /* sectionbg@2x.png */ = {isa = PBXFileReference; lastKnownFileType = image.png; path = "sectionbg@2x.png"; sourceTree = "<group>"; };
		A6699BE4171BBD4E0013B8CE /* tabselectionbg@2x.png */ = {isa = PBXFileReference; lastKnownFileType = image.png; path = "tabselectionbg@2x.png"; sourceTree = "<group>"; };
		A6699BE6171BBFC30013B8CE /* checkicon_selected@2x.png */ = {isa = PBXFileReference; lastKnownFileType = image.png; path = "checkicon_selected@2x.png"; sourceTree = "<group>"; };
		A6699BE7171BBFC30013B8CE /* checkicon@2x.png */ = {isa = PBXFileReference; lastKnownFileType = image.png; path = "checkicon@2x.png"; sourceTree = "<group>"; };
		A6699BE8171BBFC30013B8CE /* listicon_selected@2x.png */ = {isa = PBXFileReference; lastKnownFileType = image.png; path = "listicon_selected@2x.png"; sourceTree = "<group>"; };
		A6699BE9171BBFC30013B8CE /* listicon@2x.png */ = {isa = PBXFileReference; lastKnownFileType = image.png; path = "listicon@2x.png"; sourceTree = "<group>"; };
		A6699BEE171BC1A20013B8CE /* GYZSectionHeaderView.h */ = {isa = PBXFileReference; fileEncoding = 4; lastKnownFileType = sourcecode.c.h; path = GYZSectionHeaderView.h; sourceTree = "<group>"; };
		A6699BEF171BC1A20013B8CE /* GYZSectionHeaderView.m */ = {isa = PBXFileReference; fileEncoding = 4; lastKnownFileType = sourcecode.c.objc; path = GYZSectionHeaderView.m; sourceTree = "<group>"; };
		A6699BF1171BEC2F0013B8CE /* titlebg_selected@2x.png */ = {isa = PBXFileReference; lastKnownFileType = image.png; path = "titlebg_selected@2x.png"; sourceTree = "<group>"; };
		A6699BF2171BEC2F0013B8CE /* titlebg@2x.png */ = {isa = PBXFileReference; lastKnownFileType = image.png; path = "titlebg@2x.png"; sourceTree = "<group>"; };
		A6699BF5171BEEAE0013B8CE /* backicon@2x.png */ = {isa = PBXFileReference; lastKnownFileType = image.png; path = "backicon@2x.png"; sourceTree = "<group>"; };
		A6699BF7171BF2760013B8CE /* GYZNavigationStackViewController.h */ = {isa = PBXFileReference; fileEncoding = 4; lastKnownFileType = sourcecode.c.h; path = GYZNavigationStackViewController.h; sourceTree = "<group>"; };
		A6699BF8171BF2770013B8CE /* GYZNavigationStackViewController.m */ = {isa = PBXFileReference; fileEncoding = 4; lastKnownFileType = sourcecode.c.objc; path = GYZNavigationStackViewController.m; sourceTree = "<group>"; };
		A6699BFA171BF3590013B8CE /* GYZNavigationTitleView.h */ = {isa = PBXFileReference; fileEncoding = 4; lastKnownFileType = sourcecode.c.h; path = GYZNavigationTitleView.h; sourceTree = "<group>"; };
		A6699BFB171BF3590013B8CE /* GYZNavigationTitleView.m */ = {isa = PBXFileReference; fileEncoding = 4; lastKnownFileType = sourcecode.c.objc; path = GYZNavigationTitleView.m; sourceTree = "<group>"; };
		A6699BFE171BF9450013B8CE /* addicon@2x.png */ = {isa = PBXFileReference; lastKnownFileType = image.png; path = "addicon@2x.png"; sourceTree = "<group>"; };
		A6699C01171BFBBC0013B8CE /* addicon_selected@2x.png */ = {isa = PBXFileReference; lastKnownFileType = image.png; path = "addicon_selected@2x.png"; sourceTree = "<group>"; };
		A6699C03171C02AC0013B8CE /* PageStoryboard.storyboard */ = {isa = PBXFileReference; fileEncoding = 4; lastKnownFileType = file.storyboard; path = PageStoryboard.storyboard; sourceTree = "<group>"; };
		A6699C0B171C4EEC0013B8CE /* GYZLicenseViewController.h */ = {isa = PBXFileReference; fileEncoding = 4; lastKnownFileType = sourcecode.c.h; path = GYZLicenseViewController.h; sourceTree = "<group>"; };
		A6699C0C171C4EEC0013B8CE /* GYZLicenseViewController.m */ = {isa = PBXFileReference; fileEncoding = 4; lastKnownFileType = sourcecode.c.objc; path = GYZLicenseViewController.m; sourceTree = "<group>"; };
		A6699C0E171C4FF70013B8CE /* licence.html */ = {isa = PBXFileReference; fileEncoding = 4; lastKnownFileType = text.html; path = licence.html; sourceTree = "<group>"; };
		A68F3FA316F0A597007690E9 /* GyazzForiPhone.app */ = {isa = PBXFileReference; explicitFileType = wrapper.application; includeInIndex = 0; path = GyazzForiPhone.app; sourceTree = BUILT_PRODUCTS_DIR; };
		A68F3FA616F0A597007690E9 /* UIKit.framework */ = {isa = PBXFileReference; lastKnownFileType = wrapper.framework; name = UIKit.framework; path = System/Library/Frameworks/UIKit.framework; sourceTree = SDKROOT; };
		A68F3FA816F0A597007690E9 /* Foundation.framework */ = {isa = PBXFileReference; lastKnownFileType = wrapper.framework; name = Foundation.framework; path = System/Library/Frameworks/Foundation.framework; sourceTree = SDKROOT; };
		A68F3FAA16F0A597007690E9 /* CoreGraphics.framework */ = {isa = PBXFileReference; lastKnownFileType = wrapper.framework; name = CoreGraphics.framework; path = System/Library/Frameworks/CoreGraphics.framework; sourceTree = SDKROOT; };
		A68F3FAE16F0A597007690E9 /* GyazzForiPhone-Info.plist */ = {isa = PBXFileReference; lastKnownFileType = text.plist.xml; path = "GyazzForiPhone-Info.plist"; sourceTree = "<group>"; };
		A68F3FB016F0A597007690E9 /* en */ = {isa = PBXFileReference; lastKnownFileType = text.plist.strings; name = en; path = en.lproj/InfoPlist.strings; sourceTree = "<group>"; };
		A68F3FB216F0A597007690E9 /* main.m */ = {isa = PBXFileReference; lastKnownFileType = sourcecode.c.objc; path = main.m; sourceTree = "<group>"; };
		A68F3FB416F0A597007690E9 /* GyazzForiPhone-Prefix.pch */ = {isa = PBXFileReference; lastKnownFileType = sourcecode.c.h; path = "GyazzForiPhone-Prefix.pch"; sourceTree = "<group>"; };
		A68F3FB516F0A597007690E9 /* GYZAppDelegate.h */ = {isa = PBXFileReference; lastKnownFileType = sourcecode.c.h; path = GYZAppDelegate.h; sourceTree = "<group>"; };
		A68F3FB616F0A597007690E9 /* GYZAppDelegate.m */ = {isa = PBXFileReference; lastKnownFileType = sourcecode.c.objc; path = GYZAppDelegate.m; sourceTree = "<group>"; };
		A68F3FB816F0A597007690E9 /* Default.png */ = {isa = PBXFileReference; lastKnownFileType = image.png; path = Default.png; sourceTree = "<group>"; };
		A68F3FBA16F0A597007690E9 /* Default@2x.png */ = {isa = PBXFileReference; lastKnownFileType = image.png; path = "Default@2x.png"; sourceTree = "<group>"; };
		A68F3FBC16F0A597007690E9 /* Default-568h@2x.png */ = {isa = PBXFileReference; lastKnownFileType = image.png; path = "Default-568h@2x.png"; sourceTree = "<group>"; };
		A68F3FBF16F0A597007690E9 /* en */ = {isa = PBXFileReference; lastKnownFileType = file.storyboard; name = en; path = en.lproj/MainStoryboard.storyboard; sourceTree = "<group>"; };
		A68F3FD516F0A608007690E9 /* GYZListViewController.h */ = {isa = PBXFileReference; fileEncoding = 4; lastKnownFileType = sourcecode.c.h; path = GYZListViewController.h; sourceTree = "<group>"; };
		A68F3FD616F0A608007690E9 /* GYZListViewController.m */ = {isa = PBXFileReference; fileEncoding = 4; lastKnownFileType = sourcecode.c.objc; path = GYZListViewController.m; sourceTree = "<group>"; };
		A68F3FD816F0A625007690E9 /* GYZWatchListViewController.h */ = {isa = PBXFileReference; fileEncoding = 4; lastKnownFileType = sourcecode.c.h; path = GYZWatchListViewController.h; sourceTree = "<group>"; };
		A68F3FD916F0A625007690E9 /* GYZWatchListViewController.m */ = {isa = PBXFileReference; fileEncoding = 4; lastKnownFileType = sourcecode.c.objc; path = GYZWatchListViewController.m; sourceTree = "<group>"; };
		A68F3FDB16F0A815007690E9 /* GYZGyazzListViewController.h */ = {isa = PBXFileReference; fileEncoding = 4; lastKnownFileType = sourcecode.c.h; path = GYZGyazzListViewController.h; sourceTree = "<group>"; };
		A68F3FDC16F0A815007690E9 /* GYZGyazzListViewController.m */ = {isa = PBXFileReference; fileEncoding = 4; lastKnownFileType = sourcecode.c.objc; path = GYZGyazzListViewController.m; sourceTree = "<group>"; };
		A68F3FDF16F0A85D007690E9 /* GYZGyazzAddViewController.h */ = {isa = PBXFileReference; fileEncoding = 4; lastKnownFileType = sourcecode.c.h; path = GYZGyazzAddViewController.h; sourceTree = "<group>"; };
		A68F3FE016F0A85D007690E9 /* GYZGyazzAddViewController.m */ = {isa = PBXFileReference; fileEncoding = 4; lastKnownFileType = sourcecode.c.objc; path = GYZGyazzAddViewController.m; sourceTree = "<group>"; };
		A68F3FE516F0A9CB007690E9 /* GYZTabBarController.h */ = {isa = PBXFileReference; fileEncoding = 4; lastKnownFileType = sourcecode.c.h; path = GYZTabBarController.h; sourceTree = "<group>"; };
		A68F3FE616F0A9CB007690E9 /* GYZTabBarController.m */ = {isa = PBXFileReference; fileEncoding = 4; lastKnownFileType = sourcecode.c.objc; path = GYZTabBarController.m; sourceTree = "<group>"; };
		A68F3FE916F0AA25007690E9 /* GYZGyazz.h */ = {isa = PBXFileReference; fileEncoding = 4; lastKnownFileType = sourcecode.c.h; path = GYZGyazz.h; sourceTree = "<group>"; };
		A68F3FEA16F0AA25007690E9 /* GYZGyazz.m */ = {isa = PBXFileReference; fileEncoding = 4; lastKnownFileType = sourcecode.c.objc; path = GYZGyazz.m; sourceTree = "<group>"; };
		A68F3FED16F0B07B007690E9 /* GYZPage.h */ = {isa = PBXFileReference; fileEncoding = 4; lastKnownFileType = sourcecode.c.h; path = GYZPage.h; sourceTree = "<group>"; };
		A68F3FEE16F0B07B007690E9 /* GYZPage.m */ = {isa = PBXFileReference; fileEncoding = 4; lastKnownFileType = sourcecode.c.objc; path = GYZPage.m; sourceTree = "<group>"; };
		A68F3FF016F0B55C007690E9 /* GYZPageViewController.h */ = {isa = PBXFileReference; fileEncoding = 4; lastKnownFileType = sourcecode.c.h; path = GYZPageViewController.h; sourceTree = "<group>"; };
		A68F3FF116F0B55C007690E9 /* GYZPageViewController.m */ = {isa = PBXFileReference; fileEncoding = 4; lastKnownFileType = sourcecode.c.objc; path = GYZPageViewController.m; sourceTree = "<group>"; };
		A68F3FF516F0B77E007690E9 /* GYZUserData.h */ = {isa = PBXFileReference; fileEncoding = 4; lastKnownFileType = sourcecode.c.h; path = GYZUserData.h; sourceTree = "<group>"; };
		A68F3FF616F0B77E007690E9 /* GYZUserData.m */ = {isa = PBXFileReference; fileEncoding = 4; lastKnownFileType = sourcecode.c.objc; path = GYZUserData.m; sourceTree = "<group>"; };
		A68F3FF816F0CA86007690E9 /* GYZTableViewController.h */ = {isa = PBXFileReference; fileEncoding = 4; lastKnownFileType = sourcecode.c.h; path = GYZTableViewController.h; sourceTree = "<group>"; };
		A68F3FF916F0CA86007690E9 /* GYZTableViewController.m */ = {isa = PBXFileReference; fileEncoding = 4; lastKnownFileType = sourcecode.c.objc; path = GYZTableViewController.m; sourceTree = "<group>"; };
		A68F3FFD16F0CC4A007690E9 /* GYZTextFieldCell.h */ = {isa = PBXFileReference; fileEncoding = 4; lastKnownFileType = sourcecode.c.h; path = GYZTextFieldCell.h; sourceTree = "<group>"; };
		A68F3FFE16F0CC4A007690E9 /* GYZTextFieldCell.m */ = {isa = PBXFileReference; fileEncoding = 4; lastKnownFileType = sourcecode.c.objc; path = GYZTextFieldCell.m; sourceTree = "<group>"; };
		A68F400516F0DE9D007690E9 /* sonamonohanai.jpg */ = {isa = PBXFileReference; lastKnownFileType = image.jpeg; path = sonamonohanai.jpg; sourceTree = "<group>"; };
		A68F400716F0E073007690E9 /* NSMutableArray+ReArrage.h */ = {isa = PBXFileReference; fileEncoding = 4; lastKnownFileType = sourcecode.c.h; path = "NSMutableArray+ReArrage.h"; sourceTree = "<group>"; };
		A68F400816F0E073007690E9 /* NSMutableArray+ReArrage.m */ = {isa = PBXFileReference; fileEncoding = 4; lastKnownFileType = sourcecode.c.objc; path = "NSMutableArray+ReArrage.m"; sourceTree = "<group>"; };
/* End PBXFileReference section */

/* Begin PBXFrameworksBuildPhase section */
		A68F3FA016F0A597007690E9 /* Frameworks */ = {
			isa = PBXFrameworksBuildPhase;
			buildActionMask = 2147483647;
			files = (
				A68F3FA716F0A597007690E9 /* UIKit.framework in Frameworks */,
				A68F3FA916F0A597007690E9 /* Foundation.framework in Frameworks */,
				A68F3FAB16F0A597007690E9 /* CoreGraphics.framework in Frameworks */,
				970CD674E001424BA7CE26C1 /* libPods.a in Frameworks */,
			);
			runOnlyForDeploymentPostprocessing = 0;
		};
/* End PBXFrameworksBuildPhase section */

/* Begin PBXGroup section */
		A6699C05171C4A190013B8CE /* Base */ = {
			isa = PBXGroup;
			children = (
				A68F3FE516F0A9CB007690E9 /* GYZTabBarController.h */,
				A68F3FE616F0A9CB007690E9 /* GYZTabBarController.m */,
				A6699BDF171BB7D10013B8CE /* GYZNavigationController.h */,
				A6699BE0171BB7D10013B8CE /* GYZNavigationController.m */,
			);
			name = Base;
			sourceTree = "<group>";
		};
		A6699C06171C4A270013B8CE /* Abstract */ = {
			isa = PBXGroup;
			children = (
				A68F3FF816F0CA86007690E9 /* GYZTableViewController.h */,
				A68F3FF916F0CA86007690E9 /* GYZTableViewController.m */,
			);
			name = Abstract;
			sourceTree = "<group>";
		};
		A6699C07171C4A400013B8CE /* GyazzList */ = {
			isa = PBXGroup;
			children = (
				A68F3FDB16F0A815007690E9 /* GYZGyazzListViewController.h */,
				A68F3FDC16F0A815007690E9 /* GYZGyazzListViewController.m */,
				A68F3FDF16F0A85D007690E9 /* GYZGyazzAddViewController.h */,
				A68F3FE016F0A85D007690E9 /* GYZGyazzAddViewController.m */,
			);
			name = GyazzList;
			sourceTree = "<group>";
		};
		A6699C08171C4A4E0013B8CE /* MainTab */ = {
			isa = PBXGroup;
			children = (
				A68F3FD516F0A608007690E9 /* GYZListViewController.h */,
				A68F3FD616F0A608007690E9 /* GYZListViewController.m */,
				A68F3FD816F0A625007690E9 /* GYZWatchListViewController.h */,
				A68F3FD916F0A625007690E9 /* GYZWatchListViewController.m */,
			);
			name = MainTab;
			sourceTree = "<group>";
		};
		A6699C09171C4A600013B8CE /* Page */ = {
			isa = PBXGroup;
			children = (
				A68F3FF016F0B55C007690E9 /* GYZPageViewController.h */,
				A68F3FF116F0B55C007690E9 /* GYZPageViewController.m */,
				A6699BF7171BF2760013B8CE /* GYZNavigationStackViewController.h */,
				A6699BF8171BF2770013B8CE /* GYZNavigationStackViewController.m */,
				A649657F171A2F6100D95608 /* GYZPageEditViewController.h */,
				A6496580171A2F6100D95608 /* GYZPageEditViewController.m */,
				A6496581171A2F6100D95608 /* GYZPageEditViewController.xib */,
			);
			name = Page;
			sourceTree = "<group>";
		};
		A6699C0A171C4ECA0013B8CE /* Setting */ = {
			isa = PBXGroup;
			children = (
				A6699C0B171C4EEC0013B8CE /* GYZLicenseViewController.h */,
				A6699C0C171C4EEC0013B8CE /* GYZLicenseViewController.m */,
			);
			name = Setting;
			sourceTree = "<group>";
		};
		A68F3F9A16F0A597007690E9 = {
			isa = PBXGroup;
			children = (
				A68F3FAC16F0A597007690E9 /* GyazzForiPhone */,
				A68F3FA516F0A597007690E9 /* Frameworks */,
				A68F3FA416F0A597007690E9 /* Products */,
				368692A77B7F4E3E9A69222B /* Pods.xcconfig */,
			);
			sourceTree = "<group>";
		};
		A68F3FA416F0A597007690E9 /* Products */ = {
			isa = PBXGroup;
			children = (
				A68F3FA316F0A597007690E9 /* GyazzForiPhone.app */,
			);
			name = Products;
			sourceTree = "<group>";
		};
		A68F3FA516F0A597007690E9 /* Frameworks */ = {
			isa = PBXGroup;
			children = (
				A68F3FA616F0A597007690E9 /* UIKit.framework */,
				A68F3FA816F0A597007690E9 /* Foundation.framework */,
				A68F3FAA16F0A597007690E9 /* CoreGraphics.framework */,
				5C1DBB50177945F689F9346F /* libPods.a */,
			);
			name = Frameworks;
			sourceTree = "<group>";
		};
		A68F3FAC16F0A597007690E9 /* GyazzForiPhone */ = {
			isa = PBXGroup;
			children = (
				A68F3FBE16F0A597007690E9 /* MainStoryboard.storyboard */,
				A6699C03171C02AC0013B8CE /* PageStoryboard.storyboard */,
				A68F3FE816F0A9DD007690E9 /* Singletons */,
				A68F3FEC16F0AA28007690E9 /* Models */,
				A68F400016F0CC60007690E9 /* Views */,
				A68F3FDE16F0A81C007690E9 /* Controllers */,
				A68F400A16F0E091007690E9 /* Utilities */,
				A68F3FD416F0A5E4007690E9 /* Resources */,
				A68F3FAD16F0A597007690E9 /* Supporting Files */,
			);
			path = GyazzForiPhone;
			sourceTree = "<group>";
		};
		A68F3FAD16F0A597007690E9 /* Supporting Files */ = {
			isa = PBXGroup;
			children = (
				A68F3FAE16F0A597007690E9 /* GyazzForiPhone-Info.plist */,
				A68F3FAF16F0A597007690E9 /* InfoPlist.strings */,
				A68F3FB216F0A597007690E9 /* main.m */,
				A68F3FB416F0A597007690E9 /* GyazzForiPhone-Prefix.pch */,
				A68F3FB816F0A597007690E9 /* Default.png */,
				A68F3FBA16F0A597007690E9 /* Default@2x.png */,
				A68F3FBC16F0A597007690E9 /* Default-568h@2x.png */,
			);
			name = "Supporting Files";
			sourceTree = "<group>";
		};
		A68F3FD416F0A5E4007690E9 /* Resources */ = {
			isa = PBXGroup;
			children = (
				A6699C01171BFBBC0013B8CE /* addicon_selected@2x.png */,
				A6699BFE171BF9450013B8CE /* addicon@2x.png */,
				A6699BF5171BEEAE0013B8CE /* backicon@2x.png */,
				A6699BF1171BEC2F0013B8CE /* titlebg_selected@2x.png */,
				A6699BF2171BEC2F0013B8CE /* titlebg@2x.png */,
				A6699BE6171BBFC30013B8CE /* checkicon_selected@2x.png */,
				A6699BE7171BBFC30013B8CE /* checkicon@2x.png */,
				A6699BE8171BBFC30013B8CE /* listicon_selected@2x.png */,
				A6699BE9171BBFC30013B8CE /* listicon@2x.png */,
				A6699BE4171BBD4E0013B8CE /* tabselectionbg@2x.png */,
				A6699BE2171BB93F0013B8CE /* sectionbg@2x.png */,
				A6699BDD171BB75B0013B8CE /* navbg@2x.png */,
				A6699BD9171BB5CE0013B8CE /* tabbg_dark@2x.png */,
				A6699BDA171BB5CE0013B8CE /* tabbg_light@2x.png */,
				A68F400516F0DE9D007690E9 /* sonamonohanai.jpg */,
				A63543EA16FD6B5500C50ED0 /* zepto.min.js */,
				A63543E816FD69B500C50ED0 /* page.html */,
				A6699C0E171C4FF70013B8CE /* licence.html */,
			);
			name = Resources;
			sourceTree = "<group>";
		};
		A68F3FDE16F0A81C007690E9 /* Controllers */ = {
			isa = PBXGroup;
			children = (
				A6699C0A171C4ECA0013B8CE /* Setting */,
				A6699C06171C4A270013B8CE /* Abstract */,
				A6699C05171C4A190013B8CE /* Base */,
				A6699C07171C4A400013B8CE /* GyazzList */,
				A6699C08171C4A4E0013B8CE /* MainTab */,
				A6699C09171C4A600013B8CE /* Page */,
			);
			name = Controllers;
			sourceTree = "<group>";
		};
		A68F3FE816F0A9DD007690E9 /* Singletons */ = {
			isa = PBXGroup;
			children = (
				A68F3FF516F0B77E007690E9 /* GYZUserData.h */,
				A68F3FF616F0B77E007690E9 /* GYZUserData.m */,
				A68F3FB516F0A597007690E9 /* GYZAppDelegate.h */,
				A68F3FB616F0A597007690E9 /* GYZAppDelegate.m */,
			);
			name = Singletons;
			sourceTree = "<group>";
		};
		A68F3FEC16F0AA28007690E9 /* Models */ = {
			isa = PBXGroup;
			children = (
				A68F3FE916F0AA25007690E9 /* GYZGyazz.h */,
				A68F3FEA16F0AA25007690E9 /* GYZGyazz.m */,
				A68F3FED16F0B07B007690E9 /* GYZPage.h */,
				A68F3FEE16F0B07B007690E9 /* GYZPage.m */,
			);
			name = Models;
			sourceTree = "<group>";
		};
		A68F400016F0CC60007690E9 /* Views */ = {
			isa = PBXGroup;
			children = (
				A68F3FFD16F0CC4A007690E9 /* GYZTextFieldCell.h */,
				A68F3FFE16F0CC4A007690E9 /* GYZTextFieldCell.m */,
				A6699BEE171BC1A20013B8CE /* GYZSectionHeaderView.h */,
				A6699BEF171BC1A20013B8CE /* GYZSectionHeaderView.m */,
				A6699BFA171BF3590013B8CE /* GYZNavigationTitleView.h */,
				A6699BFB171BF3590013B8CE /* GYZNavigationTitleView.m */,
			);
			name = Views;
			sourceTree = "<group>";
		};
		A68F400A16F0E091007690E9 /* Utilities */ = {
			isa = PBXGroup;
			children = (
				A68F400716F0E073007690E9 /* NSMutableArray+ReArrage.h */,
				A68F400816F0E073007690E9 /* NSMutableArray+ReArrage.m */,
			);
			name = Utilities;
			sourceTree = "<group>";
		};
/* End PBXGroup section */

/* Begin PBXNativeTarget section */
		A68F3FA216F0A597007690E9 /* GyazzForiPhone */ = {
			isa = PBXNativeTarget;
			buildConfigurationList = A68F3FD116F0A597007690E9 /* Build configuration list for PBXNativeTarget "GyazzForiPhone" */;
			buildPhases = (
				A68F3F9F16F0A597007690E9 /* Sources */,
				A68F3FA016F0A597007690E9 /* Frameworks */,
				A68F3FA116F0A597007690E9 /* Resources */,
				8B9094B3248A4ED385F7A41B /* Copy Pods Resources */,
			);
			buildRules = (
			);
			dependencies = (
			);
			name = GyazzForiPhone;
			productName = GyazzForiPhone;
			productReference = A68F3FA316F0A597007690E9 /* GyazzForiPhone.app */;
			productType = "com.apple.product-type.application";
		};
/* End PBXNativeTarget section */

/* Begin PBXProject section */
		A68F3F9B16F0A597007690E9 /* Project object */ = {
			isa = PBXProject;
			attributes = {
				CLASSPREFIX = GYZ;
				LastUpgradeCheck = 0460;
				ORGANIZATIONNAME = "Masui Lab";
			};
			buildConfigurationList = A68F3F9E16F0A597007690E9 /* Build configuration list for PBXProject "GyazzForiPhone" */;
			compatibilityVersion = "Xcode 3.2";
			developmentRegion = English;
			hasScannedForEncodings = 0;
			knownRegions = (
				en,
			);
			mainGroup = A68F3F9A16F0A597007690E9;
			productRefGroup = A68F3FA416F0A597007690E9 /* Products */;
			projectDirPath = "";
			projectRoot = "";
			targets = (
				A68F3FA216F0A597007690E9 /* GyazzForiPhone */,
			);
		};
/* End PBXProject section */

/* Begin PBXResourcesBuildPhase section */
		A68F3FA116F0A597007690E9 /* Resources */ = {
			isa = PBXResourcesBuildPhase;
			buildActionMask = 2147483647;
			files = (
				A63543EB16FD6B5500C50ED0 /* zepto.min.js in Resources */,
				A68F3FB116F0A597007690E9 /* InfoPlist.strings in Resources */,
				A68F3FB916F0A597007690E9 /* Default.png in Resources */,
				A68F3FBB16F0A597007690E9 /* Default@2x.png in Resources */,
				A68F3FBD16F0A597007690E9 /* Default-568h@2x.png in Resources */,
				A68F3FC016F0A597007690E9 /* MainStoryboard.storyboard in Resources */,
				A68F400616F0DE9D007690E9 /* sonamonohanai.jpg in Resources */,
				A63543E916FD69B500C50ED0 /* page.html in Resources */,
				A6496583171A2F6100D95608 /* GYZPageEditViewController.xib in Resources */,
				A6699BDB171BB5CE0013B8CE /* tabbg_dark@2x.png in Resources */,
				A6699BDC171BB5CE0013B8CE /* tabbg_light@2x.png in Resources */,
				A6699BDE171BB75B0013B8CE /* navbg@2x.png in Resources */,
				A6699BE3171BB93F0013B8CE /* sectionbg@2x.png in Resources */,
				A6699BE5171BBD4E0013B8CE /* tabselectionbg@2x.png in Resources */,
				A6699BEA171BBFC30013B8CE /* checkicon_selected@2x.png in Resources */,
				A6699BEB171BBFC30013B8CE /* checkicon@2x.png in Resources */,
				A6699BEC171BBFC30013B8CE /* listicon_selected@2x.png in Resources */,
				A6699BED171BBFC30013B8CE /* listicon@2x.png in Resources */,
				A6699BF3171BEC2F0013B8CE /* titlebg_selected@2x.png in Resources */,
				A6699BF4171BEC2F0013B8CE /* titlebg@2x.png in Resources */,
				A6699BF6171BEEAE0013B8CE /* backicon@2x.png in Resources */,
				A6699C00171BF9450013B8CE /* addicon@2x.png in Resources */,
				A6699C02171BFBBC0013B8CE /* addicon_selected@2x.png in Resources */,
				A6699C04171C02AC0013B8CE /* PageStoryboard.storyboard in Resources */,
				A6699C0F171C4FF70013B8CE /* licence.html in Resources */,
			);
			runOnlyForDeploymentPostprocessing = 0;
		};
/* End PBXResourcesBuildPhase section */

/* Begin PBXShellScriptBuildPhase section */
		8B9094B3248A4ED385F7A41B /* Copy Pods Resources */ = {
			isa = PBXShellScriptBuildPhase;
			buildActionMask = 2147483647;
			files = (
			);
			inputPaths = (
			);
			name = "Copy Pods Resources";
			outputPaths = (
			);
			runOnlyForDeploymentPostprocessing = 0;
			shellPath = /bin/sh;
			shellScript = "\"${SRCROOT}/Pods/Pods-resources.sh\"\n";
		};
/* End PBXShellScriptBuildPhase section */

/* Begin PBXSourcesBuildPhase section */
		A68F3F9F16F0A597007690E9 /* Sources */ = {
			isa = PBXSourcesBuildPhase;
			buildActionMask = 2147483647;
			files = (
				A68F3FB316F0A597007690E9 /* main.m in Sources */,
				A68F3FB716F0A597007690E9 /* GYZAppDelegate.m in Sources */,
				A68F3FD716F0A608007690E9 /* GYZListViewController.m in Sources */,
				A68F3FDA16F0A625007690E9 /* GYZWatchListViewController.m in Sources */,
				A68F3FDD16F0A815007690E9 /* GYZGyazzListViewController.m in Sources */,
				A68F3FE116F0A85D007690E9 /* GYZGyazzAddViewController.m in Sources */,
				A68F3FE716F0A9CB007690E9 /* GYZTabBarController.m in Sources */,
				A68F3FEB16F0AA25007690E9 /* GYZGyazz.m in Sources */,
				A68F3FEF16F0B07B007690E9 /* GYZPage.m in Sources */,
				A68F3FF316F0B55C007690E9 /* GYZPageViewController.m in Sources */,
				A68F3FF716F0B77E007690E9 /* GYZUserData.m in Sources */,
				A68F3FFA16F0CA86007690E9 /* GYZTableViewController.m in Sources */,
				A68F3FFF16F0CC4A007690E9 /* GYZTextFieldCell.m in Sources */,
				A68F400916F0E074007690E9 /* NSMutableArray+ReArrage.m in Sources */,
				A6496582171A2F6100D95608 /* GYZPageEditViewController.m in Sources */,
				A6699BE1171BB7D10013B8CE /* GYZNavigationController.m in Sources */,
				A6699BF0171BC1A20013B8CE /* GYZSectionHeaderView.m in Sources */,
				A6699BF9171BF2770013B8CE /* GYZNavigationStackViewController.m in Sources */,
				A6699BFC171BF3590013B8CE /* GYZNavigationTitleView.m in Sources */,
				A6699C0D171C4EEC0013B8CE /* GYZLicenseViewController.m in Sources */,
			);
			runOnlyForDeploymentPostprocessing = 0;
		};
/* End PBXSourcesBuildPhase section */

/* Begin PBXVariantGroup section */
		A68F3FAF16F0A597007690E9 /* InfoPlist.strings */ = {
			isa = PBXVariantGroup;
			children = (
				A68F3FB016F0A597007690E9 /* en */,
			);
			name = InfoPlist.strings;
			sourceTree = "<group>";
		};
		A68F3FBE16F0A597007690E9 /* MainStoryboard.storyboard */ = {
			isa = PBXVariantGroup;
			children = (
				A68F3FBF16F0A597007690E9 /* en */,
			);
			name = MainStoryboard.storyboard;
			sourceTree = "<group>";
		};
/* End PBXVariantGroup section */

/* Begin XCBuildConfiguration section */
		A68F3FCF16F0A597007690E9 /* Debug */ = {
			isa = XCBuildConfiguration;
			buildSettings = {
				ALWAYS_SEARCH_USER_PATHS = NO;
				CLANG_CXX_LANGUAGE_STANDARD = "gnu++0x";
				CLANG_CXX_LIBRARY = "libc++";
				CLANG_ENABLE_OBJC_ARC = YES;
				CLANG_WARN_CONSTANT_CONVERSION = YES;
				CLANG_WARN_EMPTY_BODY = YES;
				CLANG_WARN_ENUM_CONVERSION = YES;
				CLANG_WARN_INT_CONVERSION = YES;
				CLANG_WARN__DUPLICATE_METHOD_MATCH = YES;
				CODE_SIGN_IDENTITY = "iPhone Developer";
				"CODE_SIGN_IDENTITY[sdk=iphoneos*]" = "iPhone Developer";
				COPY_PHASE_STRIP = NO;
				GCC_C_LANGUAGE_STANDARD = gnu99;
				GCC_DYNAMIC_NO_PIC = NO;
				GCC_OPTIMIZATION_LEVEL = 0;
				GCC_PREPROCESSOR_DEFINITIONS = (
					"DEBUG=1",
					"$(inherited)",
				);
				GCC_SYMBOLS_PRIVATE_EXTERN = NO;
				GCC_WARN_ABOUT_RETURN_TYPE = YES;
				GCC_WARN_UNINITIALIZED_AUTOS = YES;
				GCC_WARN_UNUSED_VARIABLE = YES;
				IPHONEOS_DEPLOYMENT_TARGET = 6.0;
				ONLY_ACTIVE_ARCH = YES;
				PROVISIONING_PROFILE = "";
				SDKROOT = iphoneos;
			};
			name = Debug;
		};
		A68F3FD016F0A597007690E9 /* Release */ = {
			isa = XCBuildConfiguration;
			buildSettings = {
				ALWAYS_SEARCH_USER_PATHS = NO;
				CLANG_CXX_LANGUAGE_STANDARD = "gnu++0x";
				CLANG_CXX_LIBRARY = "libc++";
				CLANG_ENABLE_OBJC_ARC = YES;
				CLANG_WARN_CONSTANT_CONVERSION = YES;
				CLANG_WARN_EMPTY_BODY = YES;
				CLANG_WARN_ENUM_CONVERSION = YES;
				CLANG_WARN_INT_CONVERSION = YES;
				CLANG_WARN__DUPLICATE_METHOD_MATCH = YES;
				CODE_SIGN_IDENTITY = "iPhone Developer";
				"CODE_SIGN_IDENTITY[sdk=iphoneos*]" = "iPhone Developer";
				COPY_PHASE_STRIP = YES;
				GCC_C_LANGUAGE_STANDARD = gnu99;
				GCC_WARN_ABOUT_RETURN_TYPE = YES;
				GCC_WARN_UNINITIALIZED_AUTOS = YES;
				GCC_WARN_UNUSED_VARIABLE = YES;
				IPHONEOS_DEPLOYMENT_TARGET = 6.0;
				OTHER_CFLAGS = "-DNS_BLOCK_ASSERTIONS=1";
				PROVISIONING_PROFILE = "";
				SDKROOT = iphoneos;
				VALIDATE_PRODUCT = YES;
			};
			name = Release;
		};
		A68F3FD216F0A597007690E9 /* Debug */ = {
			isa = XCBuildConfiguration;
			baseConfigurationReference = 368692A77B7F4E3E9A69222B /* Pods.xcconfig */;
			buildSettings = {
				CODE_SIGN_IDENTITY = "iPhone Developer";
				"CODE_SIGN_IDENTITY[sdk=iphoneos*]" = "iPhone Developer";
				GCC_PRECOMPILE_PREFIX_HEADER = YES;
				GCC_PREFIX_HEADER = "GyazzForiPhone/GyazzForiPhone-Prefix.pch";
				INFOPLIST_FILE = "GyazzForiPhone/GyazzForiPhone-Info.plist";
				PRODUCT_NAME = "$(TARGET_NAME)";
				PROVISIONING_PROFILE = "";
				"PROVISIONING_PROFILE[sdk=iphoneos*]" = "";
				WRAPPER_EXTENSION = app;
			};
			name = Debug;
		};
		A68F3FD316F0A597007690E9 /* Release */ = {
			isa = XCBuildConfiguration;
			baseConfigurationReference = 368692A77B7F4E3E9A69222B /* Pods.xcconfig */;
			buildSettings = {
				CODE_SIGN_IDENTITY = "iPhone Developer";
				GCC_PRECOMPILE_PREFIX_HEADER = YES;
				GCC_PREFIX_HEADER = "GyazzForiPhone/GyazzForiPhone-Prefix.pch";
				INFOPLIST_FILE = "GyazzForiPhone/GyazzForiPhone-Info.plist";
				PRODUCT_NAME = "$(TARGET_NAME)";
				PROVISIONING_PROFILE = "";
				WRAPPER_EXTENSION = app;
			};
			name = Release;
		};
/* End XCBuildConfiguration section */

/* Begin XCConfigurationList section */
		A68F3F9E16F0A597007690E9 /* Build configuration list for PBXProject "GyazzForiPhone" */ = {
			isa = XCConfigurationList;
			buildConfigurations = (
				A68F3FCF16F0A597007690E9 /* Debug */,
				A68F3FD016F0A597007690E9 /* Release */,
			);
			defaultConfigurationIsVisible = 0;
			defaultConfigurationName = Release;
		};
		A68F3FD116F0A597007690E9 /* Build configuration list for PBXNativeTarget "GyazzForiPhone" */ = {
			isa = XCConfigurationList;
			buildConfigurations = (
				A68F3FD216F0A597007690E9 /* Debug */,
				A68F3FD316F0A597007690E9 /* Release */,
			);
			defaultConfigurationIsVisible = 0;
			defaultConfigurationName = Release;
		};
/* End XCConfigurationList section */
	};
	rootObject = A68F3F9B16F0A597007690E9 /* Project object */;
}
