<?xml version="1.0" encoding="UTF-8"?>
<Scheme
   LastUpgradeVersion = "0460"
   version = "1.7">
   <BuildAction
      parallelizeBuildables = "YES"
      buildImplicitDependencies = "YES">
      <BuildActionEntries>
         <BuildActionEntry
            buildForTesting = "YES"
            buildForRunning = "YES"
            buildForProfiling = "YES"
            buildForArchiving = "YES"
            buildForAnalyzing = "YES">
            <BuildableReference
               BuildableIdentifier = "primary"
               BlueprintIdentifier = "A68F3FA216F0A597007690E9"
               BuildableName = "GyazzForiPhone.app"
               BlueprintName = "GyazzForiPhone"
               ReferencedContainer = "container:GyazzForiPhone.xcodeproj">
            </BuildableReference>
         </BuildActionEntry>
      </BuildActionEntries>
   </BuildAction>
   <TestAction
      selectedDebuggerIdentifier = "Xcode.DebuggerFoundation.Debugger.LLDB"
      selectedLauncherIdentifier = "Xcode.DebuggerFoundation.Launcher.LLDB"
      shouldUseLaunchSchemeArgsEnv = "YES"
      buildConfiguration = "Debug">
      <Testables>
      </Testables>
      <MacroExpansion>
         <BuildableReference
            BuildableIdentifier = "primary"
            BlueprintIdentifier = "A68F3FA216F0A597007690E9"
            BuildableName = "GyazzForiPhone.app"
            BlueprintName = "GyazzForiPhone"
            ReferencedContainer = "container:GyazzForiPhone.xcodeproj">
         </BuildableReference>
      </MacroExpansion>
   </TestAction>
   <LaunchAction
      selectedDebuggerIdentifier = "Xcode.DebuggerFoundation.Debugger.LLDB"
      selectedLauncherIdentifier = "Xcode.DebuggerFoundation.Launcher.LLDB"
      launchStyle = "0"
      useCustomWorkingDirectory = "NO"
      buildConfiguration = "ReleaseAdHoc"
      ignoresPersistentStateOnLaunch = "NO"
      debugDocumentVersioning = "YES"
      allowLocationSimulation = "YES">
      <BuildableProductRunnable>
         <BuildableReference
            BuildableIdentifier = "primary"
            BlueprintIdentifier = "A68F3FA216F0A597007690E9"
            BuildableName = "GyazzForiPhone.app"
            BlueprintName = "GyazzForiPhone"
            ReferencedContainer = "container:GyazzForiPhone.xcodeproj">
         </BuildableReference>
      </BuildableProductRunnable>
      <AdditionalOptions>
      </AdditionalOptions>
   </LaunchAction>
   <ProfileAction
      shouldUseLaunchSchemeArgsEnv = "YES"
      savedToolIdentifier = ""
      useCustomWorkingDirectory = "NO"
      buildConfiguration = "Release"
      debugDocumentVersioning = "YES">
      <BuildableProductRunnable>
         <BuildableReference
            BuildableIdentifier = "primary"
            BlueprintIdentifier = "A68F3FA216F0A597007690E9"
            BuildableName = "GyazzForiPhone.app"
            BlueprintName = "GyazzForiPhone"
            ReferencedContainer = "container:GyazzForiPhone.xcodeproj">
         </BuildableReference>
      </BuildableProductRunnable>
   </ProfileAction>
   <AnalyzeAction
      buildConfiguration = "Debug">
   </AnalyzeAction>
   <ArchiveAction
      buildConfiguration = "Release"
      revealArchiveInOrganizer = "YES">
      <PostActions>
         <ExecutionAction
            ActionType = "Xcode.IDEStandardExecutionActionsCore.ExecutionActionType.ShellScriptAction">
            <ActionContent
               title = "Run Script"
               scriptText = "#!/bin/bash&#10;#&#10;# (Above line comes out when placing in Xcode scheme)&#10;#&#10;&#10;API_TOKEN=ddc641d6115b394408b835bd8437e157_NTUwMTU2MjAxMi0wNy0yNSAwOTowOTo1OC41MDQxMTY&#10;TEAM_TOKEN=81c77e55bd47a43c6c23599d8cdc971b_MjA5MDA3MjAxMy0wNC0xNiAwOTo1NzoxOC45MzQ3Mzg&#10;SIGNING_IDENTITY=&quot;iPhone Distribution: Yusuke Sakurai&quot;&#10;PROVISIONING_PROFILE=&quot;${SRCROOT}/Provisionings/GyazzForiPhoneAdHoc.mobileprovision&quot;&#10;#LOG=&quot;/tmp/testflight.log&quot;&#10;GROWL=&quot;${HOME}/bin/growlnotify -a Xcode -w&quot;&#10;&#10;DATE=$( /bin/date +&quot;%Y-%m-%d&quot; )&#10;ARCHIVE=$( /bin/ls -t &quot;${HOME}/Library/Developer/Xcode/Archives/${DATE}&quot; | /usr/bin/grep xcarchive | /usr/bin/sed -n 1p )&#10;DSYM=&quot;${HOME}/Library/Developer/Xcode/Archives/${DATE}/${ARCHIVE}/dSYMs/${PRODUCT_NAME}.app.dSYM&quot;&#10;APP=&quot;${HOME}/Library/Developer/Xcode/Archives/${DATE}/${ARCHIVE}/Products/Applications/${PRODUCT_NAME}.app&quot;&#10;&#10;#/usr/bin/open -a /Applications/Utilities/Console.app $LOG&#10;&#10;#echo -n &quot;Creating .ipa for ${PRODUCT_NAME}... &quot; &gt; $LOG&#10;echo &quot;Creating .ipa for ${PRODUCT_NAME}&quot; | ${GROWL}&#10;&#10;/bin/rm &quot;/tmp/${PRODUCT_NAME}.ipa&quot;&#10;/usr/bin/xcrun -sdk iphoneos PackageApplication -v &quot;${APP}&quot; -o &quot;/tmp/${PRODUCT_NAME}.ipa&quot; --sign &quot;${SIGNING_IDENTITY}&quot; --embed &quot;${PROVISIONING_PROFILE}&quot;&#10;&#10;#echo &quot;done.&quot; &gt;&gt; $LOG&#10;echo &quot;Created .ipa for ${PRODUCT_NAME}&quot; | ${GROWL}&#10;&#10;#echo -n &quot;Zipping .dSYM for ${PRODUCT_NAME}...&quot; &gt;&gt; $LOG&#10;echo &quot;Zipping .dSYM for ${PRODUCT_NAME}&quot; | ${GROWL}&#10;&#10;/bin/rm &quot;/tmp/${PRODUCT_NAME}.dSYM.zip&quot;&#10;/usr/bin/zip -r &quot;/tmp/${PRODUCT_NAME}.dSYM.zip&quot; &quot;${DSYM}&quot;&#10;&#10;#echo &quot;done.&quot; &gt;&gt; $LOG&#10;echo &quot;Created .dSYM for ${PRODUCT_NAME}&quot; | ${GROWL}&#10;&#10;#echo -n &quot;Uploading to TestFlight... &quot; &gt;&gt; $LOG&#10;echo &quot;Uploading to TestFlight&quot; | ${GROWL}&#10;&#10;/usr/bin/curl &quot;http://testflightapp.com/api/builds.json&quot; \&#10;-F file=@&quot;/tmp/${PRODUCT_NAME}.ipa&quot; \&#10;-F dsym=@&quot;/tmp/${PRODUCT_NAME}.dSYM.zip&quot; \&#10;-F api_token=&quot;${API_TOKEN}&quot; \&#10;-F team_token=&quot;${TEAM_TOKEN}&quot; \&#10;-F notes=&quot;Build uploaded automatically from Xcode.&quot;&#10;&#10;#echo &quot;done.&quot; &gt;&gt; $LOG&#10;echo &quot;Uploaded to TestFlight&quot; | ${GROWL} -s &amp;&amp; /usr/bin/open &quot;https://testflightapp.com/dashboard/builds/&quot;">
               <EnvironmentBuildable>
                  <BuildableReference
                     BuildableIdentifier = "primary"
                     BlueprintIdentifier = "A68F3FA216F0A597007690E9"
                     BuildableName = "GyazzForiPhone.app"
                     BlueprintName = "GyazzForiPhone"
                     ReferencedContainer = "container:GyazzForiPhone.xcodeproj">
                  </BuildableReference>
               </EnvironmentBuildable>
            </ActionContent>
         </ExecutionAction>
      </PostActions>
   </ArchiveAction>
</Scheme>
